// !$*UTF8*$!
{
	archiveVersion = 1;
	classes = {
	};
	objectVersion = 55;
	objects = {

/* Begin PBXBuildFile section */
		93EF22DCBD50C635B327B248 /* Pods_CreditCardsPayoff.framework in Frameworks */ = {isa = PBXBuildFile; fileRef = A9A9355362CEDFBEE7BE470E /* Pods_CreditCardsPayoff.framework */; };
		E200FB5E2A72A1D0003C34A8 /* AlertTransVC.swift in Sources */ = {isa = PBXBuildFile; fileRef = E200FB5D2A72A1D0003C34A8 /* AlertTransVC.swift */; };
		E20F7A612A5BE9B20057D451 /* ChangePasswordVC.swift in Sources */ = {isa = PBXBuildFile; fileRef = E20F7A5E2A5BE9B20057D451 /* ChangePasswordVC.swift */; };
		E20F7A622A5BE9B20057D451 /* ChangeEmailVC.swift in Sources */ = {isa = PBXBuildFile; fileRef = E20F7A602A5BE9B20057D451 /* ChangeEmailVC.swift */; };
		E21586202A617859005632FC /* AuthenticationVM.swift in Sources */ = {isa = PBXBuildFile; fileRef = E215861F2A617859005632FC /* AuthenticationVM.swift */; };
		E231149B2A647A4B0053F949 /* EditCardVC.swift in Sources */ = {isa = PBXBuildFile; fileRef = E231149A2A647A4B0053F949 /* EditCardVC.swift */; };
		E2345B4C2A7D8C10009339A8 /* TermsAndConditions.html in Resources */ = {isa = PBXBuildFile; fileRef = E2345B4B2A7D8C10009339A8 /* TermsAndConditions.html */; };
		E23D1A6B2A5AB9D100049489 /* ChangeNameVC.swift in Sources */ = {isa = PBXBuildFile; fileRef = E23D1A6A2A5AB9D100049489 /* ChangeNameVC.swift */; };
		E23ECC452A7A8202003BC1BB /* TermsVC.swift in Sources */ = {isa = PBXBuildFile; fileRef = E23ECC442A7A8202003BC1BB /* TermsVC.swift */; };
		E23F118F2A48E6000072A78A /* User.swift in Sources */ = {isa = PBXBuildFile; fileRef = E23F118E2A48E6000072A78A /* User.swift */; };
		E2432FA32A5DED3C00560DEC /* CurrencyVC.swift in Sources */ = {isa = PBXBuildFile; fileRef = E2432FA22A5DED3C00560DEC /* CurrencyVC.swift */; };
		E24F8B5F2A4DEC53006CB187 /* CodableExt.swift in Sources */ = {isa = PBXBuildFile; fileRef = E24F8B5E2A4DEC53006CB187 /* CodableExt.swift */; };
		E24F8B612A4E3162006CB187 /* UserVM.swift in Sources */ = {isa = PBXBuildFile; fileRef = E24F8B602A4E3162006CB187 /* UserVM.swift */; };
		E24F8B652A4E36A0006CB187 /* AlertVC.swift in Sources */ = {isa = PBXBuildFile; fileRef = E24F8B642A4E36A0006CB187 /* AlertVC.swift */; };
		E24F8B672A4E3A55006CB187 /* ShowAlertExt.swift in Sources */ = {isa = PBXBuildFile; fileRef = E24F8B662A4E3A55006CB187 /* ShowAlertExt.swift */; };
		E25A13512A62A5910039DAE6 /* CoreDataModel.xcdatamodeld in Sources */ = {isa = PBXBuildFile; fileRef = E25A134F2A62A5910039DAE6 /* CoreDataModel.xcdatamodeld */; };
		E25A13532A62A8E80039DAE6 /* Card.swift in Sources */ = {isa = PBXBuildFile; fileRef = E25A13522A62A8E80039DAE6 /* Card.swift */; };
		E25A13572A62B21F0039DAE6 /* CardCell.swift in Sources */ = {isa = PBXBuildFile; fileRef = E25A13552A62B21F0039DAE6 /* CardCell.swift */; };
		E25A13582A62B21F0039DAE6 /* CardCell.xib in Resources */ = {isa = PBXBuildFile; fileRef = E25A13562A62B21F0039DAE6 /* CardCell.xib */; };
		E25A135F2A6328830039DAE6 /* AddCardVC.swift in Sources */ = {isa = PBXBuildFile; fileRef = E25A135D2A6328830039DAE6 /* AddCardVC.swift */; };
		E26352532A45B2FC00587953 /* GoogleService-Info.plist in Resources */ = {isa = PBXBuildFile; fileRef = E26352522A45B2FC00587953 /* GoogleService-Info.plist */; };
		E272415F2A8378D200F1BFFC /* Helper.swift in Sources */ = {isa = PBXBuildFile; fileRef = E272415E2A8378D200F1BFFC /* Helper.swift */; };
		E273E2452A487EBA00722832 /* SignupVC.swift in Sources */ = {isa = PBXBuildFile; fileRef = E273E2432A487EBA00722832 /* SignupVC.swift */; };
		E273E2462A487EBA00722832 /* SignupVC.xib in Resources */ = {isa = PBXBuildFile; fileRef = E273E2442A487EBA00722832 /* SignupVC.xib */; };
		E28F3AD12A45CDEB00233A74 /* HomeVC.swift in Sources */ = {isa = PBXBuildFile; fileRef = E28F3AD02A45CDEB00233A74 /* HomeVC.swift */; };
		E28F3AD42A45CF5E00233A74 /* SettingsVC.swift in Sources */ = {isa = PBXBuildFile; fileRef = E28F3AD32A45CF5E00233A74 /* SettingsVC.swift */; };
		E2931C8F2A4A15330028BE46 /* SpinnerExt.swift in Sources */ = {isa = PBXBuildFile; fileRef = E2931C8D2A4A15320028BE46 /* SpinnerExt.swift */; };
		E2931C902A4A15330028BE46 /* ValidationExt.swift in Sources */ = {isa = PBXBuildFile; fileRef = E2931C8E2A4A15330028BE46 /* ValidationExt.swift */; };
		E2931C922A4A19D30028BE46 /* UserDefaultsExt.swift in Sources */ = {isa = PBXBuildFile; fileRef = E2931C912A4A19D30028BE46 /* UserDefaultsExt.swift */; };
		E2A7D2D92A5ED56300029BF4 /* CurrencyList.swift in Sources */ = {isa = PBXBuildFile; fileRef = E2A7D2D82A5ED56300029BF4 /* CurrencyList.swift */; };
		E2A7D2DB2A5EF28A00029BF4 /* CurrencyVM.swift in Sources */ = {isa = PBXBuildFile; fileRef = E2A7D2DA2A5EF28A00029BF4 /* CurrencyVM.swift */; };
		E2A7D2DD2A5EF29F00029BF4 /* Currency.swift in Sources */ = {isa = PBXBuildFile; fileRef = E2A7D2DC2A5EF29F00029BF4 /* Currency.swift */; };
		E2AE59502A65410A002F8637 /* LogoutCell.swift in Sources */ = {isa = PBXBuildFile; fileRef = E2AE594E2A65410A002F8637 /* LogoutCell.swift */; };
		E2AE59512A65410A002F8637 /* LogoutCell.xib in Resources */ = {isa = PBXBuildFile; fileRef = E2AE594F2A65410A002F8637 /* LogoutCell.xib */; };
		E2AE59562A657B91002F8637 /* BaseVC.swift in Sources */ = {isa = PBXBuildFile; fileRef = E2AE59542A657B91002F8637 /* BaseVC.swift */; };
		E2AE59572A657B91002F8637 /* FloatingTabbar.swift in Sources */ = {isa = PBXBuildFile; fileRef = E2AE59552A657B91002F8637 /* FloatingTabbar.swift */; };
		E2D279382A59F783003C6CDA /* ProfileHeaderCell.xib in Resources */ = {isa = PBXBuildFile; fileRef = E2D279132A59F782003C6CDA /* ProfileHeaderCell.xib */; };
		E2D279392A59F783003C6CDA /* TermsConditionsCell.strings in Resources */ = {isa = PBXBuildFile; fileRef = E2D279152A59F782003C6CDA /* TermsConditionsCell.strings */; };
		E2D2793C2A59F783003C6CDA /* AppSettingsCell.swift in Sources */ = {isa = PBXBuildFile; fileRef = E2D2791B2A59F782003C6CDA /* AppSettingsCell.swift */; };
		E2D2793D2A59F783003C6CDA /* TermsConditionsCell.swift in Sources */ = {isa = PBXBuildFile; fileRef = E2D2791C2A59F782003C6CDA /* TermsConditionsCell.swift */; };
		E2D2793F2A59F783003C6CDA /* AppSettingsCell.strings in Resources */ = {isa = PBXBuildFile; fileRef = E2D2791F2A59F783003C6CDA /* AppSettingsCell.strings */; };
		E2D279422A59F783003C6CDA /* AccountSettingsCell.xib in Resources */ = {isa = PBXBuildFile; fileRef = E2D279252A59F783003C6CDA /* AccountSettingsCell.xib */; };
		E2D279432A59F783003C6CDA /* ProfileHeaderCell.strings in Resources */ = {isa = PBXBuildFile; fileRef = E2D279272A59F783003C6CDA /* ProfileHeaderCell.strings */; };
		E2D279462A59F783003C6CDA /* AccountSettingsCell.swift in Sources */ = {isa = PBXBuildFile; fileRef = E2D2792D2A59F783003C6CDA /* AccountSettingsCell.swift */; };
		E2D279472A59F783003C6CDA /* AccountSettingsCell.strings in Resources */ = {isa = PBXBuildFile; fileRef = E2D2792F2A59F783003C6CDA /* AccountSettingsCell.strings */; };
		E2D2794A2A59F783003C6CDA /* TermsConditionsCell.xib in Resources */ = {isa = PBXBuildFile; fileRef = E2D279352A59F783003C6CDA /* TermsConditionsCell.xib */; };
		E2D2794B2A59F783003C6CDA /* ProfileHeaderCell.swift in Sources */ = {isa = PBXBuildFile; fileRef = E2D279362A59F783003C6CDA /* ProfileHeaderCell.swift */; };
		E2D2794C2A59F783003C6CDA /* AppSettingsCell.xib in Resources */ = {isa = PBXBuildFile; fileRef = E2D279372A59F783003C6CDA /* AppSettingsCell.xib */; };
		E2D9CE132A6C6DE800D2E44E /* AlertAskVC.swift in Sources */ = {isa = PBXBuildFile; fileRef = E2D9CE122A6C6DE800D2E44E /* AlertAskVC.swift */; };
		E2EF631D2A3C92420084A8CA /* AppDelegate.swift in Sources */ = {isa = PBXBuildFile; fileRef = E2EF631C2A3C92420084A8CA /* AppDelegate.swift */; };
		E2EF631F2A3C92420084A8CA /* SceneDelegate.swift in Sources */ = {isa = PBXBuildFile; fileRef = E2EF631E2A3C92420084A8CA /* SceneDelegate.swift */; };
		E2EF63242A3C92420084A8CA /* Main.storyboard in Resources */ = {isa = PBXBuildFile; fileRef = E2EF63222A3C92420084A8CA /* Main.storyboard */; };
		E2EF63262A3C92440084A8CA /* Assets.xcassets in Resources */ = {isa = PBXBuildFile; fileRef = E2EF63252A3C92440084A8CA /* Assets.xcassets */; };
		E2EF63292A3C92440084A8CA /* LaunchScreen.storyboard in Resources */ = {isa = PBXBuildFile; fileRef = E2EF63272A3C92440084A8CA /* LaunchScreen.storyboard */; };
		E2EF63362A3D077A0084A8CA /* LoginVC.swift in Sources */ = {isa = PBXBuildFile; fileRef = E2EF63342A3D077A0084A8CA /* LoginVC.swift */; };
		E2EF63372A3D077A0084A8CA /* LoginVC.xib in Resources */ = {isa = PBXBuildFile; fileRef = E2EF63352A3D077A0084A8CA /* LoginVC.xib */; };
		E2EF633E2A3D0AC90084A8CA /* UIImageView+Extension.swift in Sources */ = {isa = PBXBuildFile; fileRef = E2EF63392A3D0AC90084A8CA /* UIImageView+Extension.swift */; };
		E2EF633F2A3D0AC90084A8CA /* UIView+Extension.swift in Sources */ = {isa = PBXBuildFile; fileRef = E2EF633A2A3D0AC90084A8CA /* UIView+Extension.swift */; };
		E2EF63402A3D0AC90084A8CA /* NavController.swift in Sources */ = {isa = PBXBuildFile; fileRef = E2EF633B2A3D0AC90084A8CA /* NavController.swift */; };
		E2EF63412A3D0AC90084A8CA /* AppColor.swift in Sources */ = {isa = PBXBuildFile; fileRef = E2EF633C2A3D0AC90084A8CA /* AppColor.swift */; };
		E2EF63422A3D0AC90084A8CA /* UITextField+Extension.swift in Sources */ = {isa = PBXBuildFile; fileRef = E2EF633D2A3D0AC90084A8CA /* UITextField+Extension.swift */; };
		E2EF634A2A3D106F0084A8CA /* OnboardingVC.swift in Sources */ = {isa = PBXBuildFile; fileRef = E2EF63442A3D106E0084A8CA /* OnboardingVC.swift */; };
		E2EF634B2A3D106F0084A8CA /* OnboardingCell.swift in Sources */ = {isa = PBXBuildFile; fileRef = E2EF63452A3D106E0084A8CA /* OnboardingCell.swift */; };
		E2EF634E2A3D106F0084A8CA /* OnboardingCell.xib in Resources */ = {isa = PBXBuildFile; fileRef = E2EF63492A3D106F0084A8CA /* OnboardingCell.xib */; };
/* End PBXBuildFile section */

/* Begin PBXFileReference section */
		7373CA4087E2E7BB78DA3E51 /* Pods-CreditCardsPayoff.debug.xcconfig */ = {isa = PBXFileReference; includeInIndex = 1; lastKnownFileType = text.xcconfig; name = "Pods-CreditCardsPayoff.debug.xcconfig"; path = "Target Support Files/Pods-CreditCardsPayoff/Pods-CreditCardsPayoff.debug.xcconfig"; sourceTree = "<group>"; };
		A9A9355362CEDFBEE7BE470E /* Pods_CreditCardsPayoff.framework */ = {isa = PBXFileReference; explicitFileType = wrapper.framework; includeInIndex = 0; path = Pods_CreditCardsPayoff.framework; sourceTree = BUILT_PRODUCTS_DIR; };
		DCA39B46B15CDF13EE745007 /* Pods-CreditCardsPayoff.release.xcconfig */ = {isa = PBXFileReference; includeInIndex = 1; lastKnownFileType = text.xcconfig; name = "Pods-CreditCardsPayoff.release.xcconfig"; path = "Target Support Files/Pods-CreditCardsPayoff/Pods-CreditCardsPayoff.release.xcconfig"; sourceTree = "<group>"; };
		E200FB5D2A72A1D0003C34A8 /* AlertTransVC.swift */ = {isa = PBXFileReference; lastKnownFileType = sourcecode.swift; path = AlertTransVC.swift; sourceTree = "<group>"; };
		E20F7A5E2A5BE9B20057D451 /* ChangePasswordVC.swift */ = {isa = PBXFileReference; fileEncoding = 4; lastKnownFileType = sourcecode.swift; path = ChangePasswordVC.swift; sourceTree = "<group>"; };
		E20F7A602A5BE9B20057D451 /* ChangeEmailVC.swift */ = {isa = PBXFileReference; fileEncoding = 4; lastKnownFileType = sourcecode.swift; path = ChangeEmailVC.swift; sourceTree = "<group>"; };
		E215861F2A617859005632FC /* AuthenticationVM.swift */ = {isa = PBXFileReference; lastKnownFileType = sourcecode.swift; path = AuthenticationVM.swift; sourceTree = "<group>"; };
		E231149A2A647A4B0053F949 /* EditCardVC.swift */ = {isa = PBXFileReference; lastKnownFileType = sourcecode.swift; path = EditCardVC.swift; sourceTree = "<group>"; };
		E2345B4B2A7D8C10009339A8 /* TermsAndConditions.html */ = {isa = PBXFileReference; fileEncoding = 4; lastKnownFileType = text.html; path = TermsAndConditions.html; sourceTree = "<group>"; };
		E23D1A6A2A5AB9D100049489 /* ChangeNameVC.swift */ = {isa = PBXFileReference; fileEncoding = 4; lastKnownFileType = sourcecode.swift; path = ChangeNameVC.swift; sourceTree = "<group>"; };
		E23ECC442A7A8202003BC1BB /* TermsVC.swift */ = {isa = PBXFileReference; lastKnownFileType = sourcecode.swift; path = TermsVC.swift; sourceTree = "<group>"; };
		E23F118E2A48E6000072A78A /* User.swift */ = {isa = PBXFileReference; lastKnownFileType = sourcecode.swift; path = User.swift; sourceTree = "<group>"; };
		E2432FA22A5DED3C00560DEC /* CurrencyVC.swift */ = {isa = PBXFileReference; lastKnownFileType = sourcecode.swift; path = CurrencyVC.swift; sourceTree = "<group>"; };
		E24F8B5E2A4DEC53006CB187 /* CodableExt.swift */ = {isa = PBXFileReference; fileEncoding = 4; lastKnownFileType = sourcecode.swift; path = CodableExt.swift; sourceTree = "<group>"; };
		E24F8B602A4E3162006CB187 /* UserVM.swift */ = {isa = PBXFileReference; fileEncoding = 4; lastKnownFileType = sourcecode.swift; path = UserVM.swift; sourceTree = "<group>"; };
		E24F8B642A4E36A0006CB187 /* AlertVC.swift */ = {isa = PBXFileReference; fileEncoding = 4; lastKnownFileType = sourcecode.swift; path = AlertVC.swift; sourceTree = "<group>"; };
		E24F8B662A4E3A55006CB187 /* ShowAlertExt.swift */ = {isa = PBXFileReference; fileEncoding = 4; lastKnownFileType = sourcecode.swift; path = ShowAlertExt.swift; sourceTree = "<group>"; };
		E25A13502A62A5910039DAE6 /* CoreDataModel.xcdatamodel */ = {isa = PBXFileReference; lastKnownFileType = wrapper.xcdatamodel; path = CoreDataModel.xcdatamodel; sourceTree = "<group>"; };
		E25A13522A62A8E80039DAE6 /* Card.swift */ = {isa = PBXFileReference; lastKnownFileType = sourcecode.swift; path = Card.swift; sourceTree = "<group>"; };
		E25A13552A62B21F0039DAE6 /* CardCell.swift */ = {isa = PBXFileReference; lastKnownFileType = sourcecode.swift; path = CardCell.swift; sourceTree = "<group>"; };
		E25A13562A62B21F0039DAE6 /* CardCell.xib */ = {isa = PBXFileReference; lastKnownFileType = file.xib; path = CardCell.xib; sourceTree = "<group>"; };
		E25A135D2A6328830039DAE6 /* AddCardVC.swift */ = {isa = PBXFileReference; fileEncoding = 4; lastKnownFileType = sourcecode.swift; path = AddCardVC.swift; sourceTree = "<group>"; };
		E26352522A45B2FC00587953 /* GoogleService-Info.plist */ = {isa = PBXFileReference; fileEncoding = 4; lastKnownFileType = text.plist.xml; path = "GoogleService-Info.plist"; sourceTree = "<group>"; };
		E272415E2A8378D200F1BFFC /* Helper.swift */ = {isa = PBXFileReference; lastKnownFileType = sourcecode.swift; path = Helper.swift; sourceTree = "<group>"; };
		E273E2432A487EBA00722832 /* SignupVC.swift */ = {isa = PBXFileReference; fileEncoding = 4; lastKnownFileType = sourcecode.swift; path = SignupVC.swift; sourceTree = "<group>"; };
		E273E2442A487EBA00722832 /* SignupVC.xib */ = {isa = PBXFileReference; fileEncoding = 4; lastKnownFileType = file.xib; path = SignupVC.xib; sourceTree = "<group>"; };
		E28F3AD02A45CDEB00233A74 /* HomeVC.swift */ = {isa = PBXFileReference; lastKnownFileType = sourcecode.swift; path = HomeVC.swift; sourceTree = "<group>"; };
		E28F3AD32A45CF5E00233A74 /* SettingsVC.swift */ = {isa = PBXFileReference; lastKnownFileType = sourcecode.swift; path = SettingsVC.swift; sourceTree = "<group>"; };
		E2931C8D2A4A15320028BE46 /* SpinnerExt.swift */ = {isa = PBXFileReference; fileEncoding = 4; lastKnownFileType = sourcecode.swift; path = SpinnerExt.swift; sourceTree = "<group>"; };
		E2931C8E2A4A15330028BE46 /* ValidationExt.swift */ = {isa = PBXFileReference; fileEncoding = 4; lastKnownFileType = sourcecode.swift; path = ValidationExt.swift; sourceTree = "<group>"; };
		E2931C912A4A19D30028BE46 /* UserDefaultsExt.swift */ = {isa = PBXFileReference; lastKnownFileType = sourcecode.swift; path = UserDefaultsExt.swift; sourceTree = "<group>"; };
		E2A7D2D82A5ED56300029BF4 /* CurrencyList.swift */ = {isa = PBXFileReference; lastKnownFileType = sourcecode.swift; path = CurrencyList.swift; sourceTree = "<group>"; };
		E2A7D2DA2A5EF28A00029BF4 /* CurrencyVM.swift */ = {isa = PBXFileReference; lastKnownFileType = sourcecode.swift; path = CurrencyVM.swift; sourceTree = "<group>"; };
		E2A7D2DC2A5EF29F00029BF4 /* Currency.swift */ = {isa = PBXFileReference; lastKnownFileType = sourcecode.swift; path = Currency.swift; sourceTree = "<group>"; };
		E2AE594E2A65410A002F8637 /* LogoutCell.swift */ = {isa = PBXFileReference; lastKnownFileType = sourcecode.swift; path = LogoutCell.swift; sourceTree = "<group>"; };
		E2AE594F2A65410A002F8637 /* LogoutCell.xib */ = {isa = PBXFileReference; lastKnownFileType = file.xib; path = LogoutCell.xib; sourceTree = "<group>"; };
		E2AE59542A657B91002F8637 /* BaseVC.swift */ = {isa = PBXFileReference; fileEncoding = 4; lastKnownFileType = sourcecode.swift; path = BaseVC.swift; sourceTree = "<group>"; };
		E2AE59552A657B91002F8637 /* FloatingTabbar.swift */ = {isa = PBXFileReference; fileEncoding = 4; lastKnownFileType = sourcecode.swift; path = FloatingTabbar.swift; sourceTree = "<group>"; };
		E2D279132A59F782003C6CDA /* ProfileHeaderCell.xib */ = {isa = PBXFileReference; fileEncoding = 4; lastKnownFileType = file.xib; path = ProfileHeaderCell.xib; sourceTree = "<group>"; };
		E2D279162A59F782003C6CDA /* ar */ = {isa = PBXFileReference; lastKnownFileType = text.plist.strings; name = ar; path = ar.lproj/TermsConditionsCell.strings; sourceTree = "<group>"; };
		E2D279172A59F782003C6CDA /* en */ = {isa = PBXFileReference; lastKnownFileType = text.plist.strings; name = en; path = en.lproj/TermsConditionsCell.strings; sourceTree = "<group>"; };
		E2D2791B2A59F782003C6CDA /* AppSettingsCell.swift */ = {isa = PBXFileReference; fileEncoding = 4; lastKnownFileType = sourcecode.swift; path = AppSettingsCell.swift; sourceTree = "<group>"; };
		E2D2791C2A59F782003C6CDA /* TermsConditionsCell.swift */ = {isa = PBXFileReference; fileEncoding = 4; lastKnownFileType = sourcecode.swift; path = TermsConditionsCell.swift; sourceTree = "<group>"; };
		E2D279202A59F783003C6CDA /* ar */ = {isa = PBXFileReference; lastKnownFileType = text.plist.strings; name = ar; path = ar.lproj/AppSettingsCell.strings; sourceTree = "<group>"; };
		E2D279212A59F783003C6CDA /* en */ = {isa = PBXFileReference; lastKnownFileType = text.plist.strings; name = en; path = en.lproj/AppSettingsCell.strings; sourceTree = "<group>"; };
		E2D279252A59F783003C6CDA /* AccountSettingsCell.xib */ = {isa = PBXFileReference; fileEncoding = 4; lastKnownFileType = file.xib; path = AccountSettingsCell.xib; sourceTree = "<group>"; };
		E2D279282A59F783003C6CDA /* ar */ = {isa = PBXFileReference; lastKnownFileType = text.plist.strings; name = ar; path = ar.lproj/ProfileHeaderCell.strings; sourceTree = "<group>"; };
		E2D2792A2A59F783003C6CDA /* en */ = {isa = PBXFileReference; lastKnownFileType = text.plist.strings; name = en; path = en.lproj/ProfileHeaderCell.strings; sourceTree = "<group>"; };
		E2D2792D2A59F783003C6CDA /* AccountSettingsCell.swift */ = {isa = PBXFileReference; fileEncoding = 4; lastKnownFileType = sourcecode.swift; path = AccountSettingsCell.swift; sourceTree = "<group>"; };
		E2D279302A59F783003C6CDA /* ar */ = {isa = PBXFileReference; lastKnownFileType = text.plist.strings; name = ar; path = ar.lproj/AccountSettingsCell.strings; sourceTree = "<group>"; };
		E2D279312A59F783003C6CDA /* en */ = {isa = PBXFileReference; lastKnownFileType = text.plist.strings; name = en; path = en.lproj/AccountSettingsCell.strings; sourceTree = "<group>"; };
		E2D279352A59F783003C6CDA /* TermsConditionsCell.xib */ = {isa = PBXFileReference; fileEncoding = 4; lastKnownFileType = file.xib; path = TermsConditionsCell.xib; sourceTree = "<group>"; };
		E2D279362A59F783003C6CDA /* ProfileHeaderCell.swift */ = {isa = PBXFileReference; fileEncoding = 4; lastKnownFileType = sourcecode.swift; path = ProfileHeaderCell.swift; sourceTree = "<group>"; };
		E2D279372A59F783003C6CDA /* AppSettingsCell.xib */ = {isa = PBXFileReference; fileEncoding = 4; lastKnownFileType = file.xib; path = AppSettingsCell.xib; sourceTree = "<group>"; };
		E2D9CE122A6C6DE800D2E44E /* AlertAskVC.swift */ = {isa = PBXFileReference; lastKnownFileType = sourcecode.swift; path = AlertAskVC.swift; sourceTree = "<group>"; };
		E2EF63192A3C92420084A8CA /* CreditCardsPayoff.app */ = {isa = PBXFileReference; explicitFileType = wrapper.application; includeInIndex = 0; path = CreditCardsPayoff.app; sourceTree = BUILT_PRODUCTS_DIR; };
		E2EF631C2A3C92420084A8CA /* AppDelegate.swift */ = {isa = PBXFileReference; lastKnownFileType = sourcecode.swift; path = AppDelegate.swift; sourceTree = "<group>"; };
		E2EF631E2A3C92420084A8CA /* SceneDelegate.swift */ = {isa = PBXFileReference; lastKnownFileType = sourcecode.swift; path = SceneDelegate.swift; sourceTree = "<group>"; };
		E2EF63232A3C92420084A8CA /* Base */ = {isa = PBXFileReference; lastKnownFileType = file.storyboard; name = Base; path = Base.lproj/Main.storyboard; sourceTree = "<group>"; };
		E2EF63252A3C92440084A8CA /* Assets.xcassets */ = {isa = PBXFileReference; lastKnownFileType = folder.assetcatalog; path = Assets.xcassets; sourceTree = "<group>"; };
		E2EF63282A3C92440084A8CA /* Base */ = {isa = PBXFileReference; lastKnownFileType = file.storyboard; name = Base; path = Base.lproj/LaunchScreen.storyboard; sourceTree = "<group>"; };
		E2EF632A2A3C92440084A8CA /* Info.plist */ = {isa = PBXFileReference; lastKnownFileType = text.plist.xml; path = Info.plist; sourceTree = "<group>"; };
		E2EF63342A3D077A0084A8CA /* LoginVC.swift */ = {isa = PBXFileReference; fileEncoding = 4; lastKnownFileType = sourcecode.swift; path = LoginVC.swift; sourceTree = "<group>"; };
		E2EF63352A3D077A0084A8CA /* LoginVC.xib */ = {isa = PBXFileReference; fileEncoding = 4; lastKnownFileType = file.xib; path = LoginVC.xib; sourceTree = "<group>"; };
		E2EF63392A3D0AC90084A8CA /* UIImageView+Extension.swift */ = {isa = PBXFileReference; fileEncoding = 4; lastKnownFileType = sourcecode.swift; path = "UIImageView+Extension.swift"; sourceTree = "<group>"; };
		E2EF633A2A3D0AC90084A8CA /* UIView+Extension.swift */ = {isa = PBXFileReference; fileEncoding = 4; lastKnownFileType = sourcecode.swift; path = "UIView+Extension.swift"; sourceTree = "<group>"; };
		E2EF633B2A3D0AC90084A8CA /* NavController.swift */ = {isa = PBXFileReference; fileEncoding = 4; lastKnownFileType = sourcecode.swift; path = NavController.swift; sourceTree = "<group>"; };
		E2EF633C2A3D0AC90084A8CA /* AppColor.swift */ = {isa = PBXFileReference; fileEncoding = 4; lastKnownFileType = sourcecode.swift; path = AppColor.swift; sourceTree = "<group>"; };
		E2EF633D2A3D0AC90084A8CA /* UITextField+Extension.swift */ = {isa = PBXFileReference; fileEncoding = 4; lastKnownFileType = sourcecode.swift; path = "UITextField+Extension.swift"; sourceTree = "<group>"; };
		E2EF63442A3D106E0084A8CA /* OnboardingVC.swift */ = {isa = PBXFileReference; fileEncoding = 4; lastKnownFileType = sourcecode.swift; path = OnboardingVC.swift; sourceTree = "<group>"; };
		E2EF63452A3D106E0084A8CA /* OnboardingCell.swift */ = {isa = PBXFileReference; fileEncoding = 4; lastKnownFileType = sourcecode.swift; path = OnboardingCell.swift; sourceTree = "<group>"; };
		E2EF63492A3D106F0084A8CA /* OnboardingCell.xib */ = {isa = PBXFileReference; fileEncoding = 4; lastKnownFileType = file.xib; path = OnboardingCell.xib; sourceTree = "<group>"; };
/* End PBXFileReference section */

/* Begin PBXFrameworksBuildPhase section */
		E2EF63162A3C92420084A8CA /* Frameworks */ = {
			isa = PBXFrameworksBuildPhase;
			buildActionMask = 2147483647;
			files = (
				93EF22DCBD50C635B327B248 /* Pods_CreditCardsPayoff.framework in Frameworks */,
			);
			runOnlyForDeploymentPostprocessing = 0;
		};
/* End PBXFrameworksBuildPhase section */

/* Begin PBXGroup section */
		B8928681C62BD1D5DD6DAED9 /* Pods */ = {
			isa = PBXGroup;
			children = (
				7373CA4087E2E7BB78DA3E51 /* Pods-CreditCardsPayoff.debug.xcconfig */,
				DCA39B46B15CDF13EE745007 /* Pods-CreditCardsPayoff.release.xcconfig */,
			);
			path = Pods;
			sourceTree = "<group>";
		};
		CF0387DAFB1BDB8C2BD05BEB /* Frameworks */ = {
			isa = PBXGroup;
			children = (
				A9A9355362CEDFBEE7BE470E /* Pods_CreditCardsPayoff.framework */,
			);
			name = Frameworks;
			sourceTree = "<group>";
		};
		E200FB5C2A72A1A6003C34A8 /* AlertTransVC */ = {
			isa = PBXGroup;
			children = (
				E200FB5D2A72A1D0003C34A8 /* AlertTransVC.swift */,
			);
			path = AlertTransVC;
			sourceTree = "<group>";
		};
		E20F7A5D2A5BE9B20057D451 /* ChangePasswordVC */ = {
			isa = PBXGroup;
			children = (
				E20F7A5E2A5BE9B20057D451 /* ChangePasswordVC.swift */,
			);
			path = ChangePasswordVC;
			sourceTree = "<group>";
		};
		E20F7A5F2A5BE9B20057D451 /* ChangeEmailVC */ = {
			isa = PBXGroup;
			children = (
				E20F7A602A5BE9B20057D451 /* ChangeEmailVC.swift */,
			);
			path = ChangeEmailVC;
			sourceTree = "<group>";
		};
		E23114992A647A340053F949 /* EditCardVC */ = {
			isa = PBXGroup;
			children = (
				E231149A2A647A4B0053F949 /* EditCardVC.swift */,
			);
			path = EditCardVC;
			sourceTree = "<group>";
		};
		E231149C2A6539710053F949 /* LogoutCell */ = {
			isa = PBXGroup;
			children = (
				E2AE594E2A65410A002F8637 /* LogoutCell.swift */,
				E2AE594F2A65410A002F8637 /* LogoutCell.xib */,
			);
			path = LogoutCell;
			sourceTree = "<group>";
		};
		E23D1A692A5AB9D100049489 /* ChangeNameVC */ = {
			isa = PBXGroup;
			children = (
				E23D1A6A2A5AB9D100049489 /* ChangeNameVC.swift */,
			);
			path = ChangeNameVC;
			sourceTree = "<group>";
		};
		E23ECC432A7A81E0003BC1BB /* TermsVC */ = {
			isa = PBXGroup;
			children = (
				E2345B4B2A7D8C10009339A8 /* TermsAndConditions.html */,
				E23ECC442A7A8202003BC1BB /* TermsVC.swift */,
			);
			path = TermsVC;
			sourceTree = "<group>";
		};
		E2432FA12A5DED0E00560DEC /* CurrencyVC */ = {
			isa = PBXGroup;
			children = (
				E2432FA22A5DED3C00560DEC /* CurrencyVC.swift */,
				E2A7D2D82A5ED56300029BF4 /* CurrencyList.swift */,
			);
			path = CurrencyVC;
			sourceTree = "<group>";
		};
		E24F8B622A4E3168006CB187 /* ViewModel */ = {
			isa = PBXGroup;
			children = (
				E24F8B602A4E3162006CB187 /* UserVM.swift */,
				E2A7D2DA2A5EF28A00029BF4 /* CurrencyVM.swift */,
				E215861F2A617859005632FC /* AuthenticationVM.swift */,
			);
			path = ViewModel;
			sourceTree = "<group>";
		};
		E24F8B632A4E368A006CB187 /* AlertVC */ = {
			isa = PBXGroup;
			children = (
				E24F8B642A4E36A0006CB187 /* AlertVC.swift */,
			);
			path = AlertVC;
			sourceTree = "<group>";
		};
		E25A13542A62B1D70039DAE6 /* CardCell */ = {
			isa = PBXGroup;
			children = (
				E25A13552A62B21F0039DAE6 /* CardCell.swift */,
				E25A13562A62B21F0039DAE6 /* CardCell.xib */,
			);
			path = CardCell;
			sourceTree = "<group>";
		};
		E25A13592A62D9B80039DAE6 /* AddCardVC */ = {
			isa = PBXGroup;
			children = (
				E25A135D2A6328830039DAE6 /* AddCardVC.swift */,
			);
			path = AddCardVC;
			sourceTree = "<group>";
		};
		E273E2422A487E8A00722832 /* SignupVC */ = {
			isa = PBXGroup;
			children = (
				E273E2432A487EBA00722832 /* SignupVC.swift */,
				E273E2442A487EBA00722832 /* SignupVC.xib */,
			);
			path = SignupVC;
			sourceTree = "<group>";
		};
		E28F3ACF2A45CDBB00233A74 /* HomeVC */ = {
			isa = PBXGroup;
			children = (
				E28F3AD02A45CDEB00233A74 /* HomeVC.swift */,
				E25A13542A62B1D70039DAE6 /* CardCell */,
			);
			path = HomeVC;
			sourceTree = "<group>";
		};
		E28F3AD22A45CF1800233A74 /* SettingsVC */ = {
			isa = PBXGroup;
			children = (
				E28F3AD32A45CF5E00233A74 /* SettingsVC.swift */,
				E2D2792E2A59F783003C6CDA /* AccountSettingsCell */,
				E2D2791E2A59F783003C6CDA /* AppSettingsCell */,
				E2D279262A59F783003C6CDA /* ProfileHeaderCell */,
				E2D279142A59F782003C6CDA /* TermsConditionsCell */,
				E231149C2A6539710053F949 /* LogoutCell */,
			);
			path = SettingsVC;
			sourceTree = "<group>";
		};
		E2AE59582A657CE0002F8637 /* BaseVC */ = {
			isa = PBXGroup;
			children = (
				E2AE59542A657B91002F8637 /* BaseVC.swift */,
			);
			path = BaseVC;
			sourceTree = "<group>";
		};
		E2D279142A59F782003C6CDA /* TermsConditionsCell */ = {
			isa = PBXGroup;
			children = (
				E2D2791C2A59F782003C6CDA /* TermsConditionsCell.swift */,
				E2D279352A59F783003C6CDA /* TermsConditionsCell.xib */,
				E2D279152A59F782003C6CDA /* TermsConditionsCell.strings */,
			);
			path = TermsConditionsCell;
			sourceTree = "<group>";
		};
		E2D2791E2A59F783003C6CDA /* AppSettingsCell */ = {
			isa = PBXGroup;
			children = (
				E2D2791B2A59F782003C6CDA /* AppSettingsCell.swift */,
				E2D279372A59F783003C6CDA /* AppSettingsCell.xib */,
				E2D2791F2A59F783003C6CDA /* AppSettingsCell.strings */,
			);
			path = AppSettingsCell;
			sourceTree = "<group>";
		};
		E2D279262A59F783003C6CDA /* ProfileHeaderCell */ = {
			isa = PBXGroup;
			children = (
				E2D279362A59F783003C6CDA /* ProfileHeaderCell.swift */,
				E2D279132A59F782003C6CDA /* ProfileHeaderCell.xib */,
				E2D279272A59F783003C6CDA /* ProfileHeaderCell.strings */,
			);
			path = ProfileHeaderCell;
			sourceTree = "<group>";
		};
		E2D2792E2A59F783003C6CDA /* AccountSettingsCell */ = {
			isa = PBXGroup;
			children = (
				E2D2792D2A59F783003C6CDA /* AccountSettingsCell.swift */,
				E2D279252A59F783003C6CDA /* AccountSettingsCell.xib */,
				E2D2792F2A59F783003C6CDA /* AccountSettingsCell.strings */,
			);
			path = AccountSettingsCell;
			sourceTree = "<group>";
		};
		E2D9CE112A6C6DC400D2E44E /* AlertAskVC */ = {
			isa = PBXGroup;
			children = (
				E2D9CE122A6C6DE800D2E44E /* AlertAskVC.swift */,
			);
			path = AlertAskVC;
			sourceTree = "<group>";
		};
		E2EF63102A3C92420084A8CA = {
			isa = PBXGroup;
			children = (
				E2EF631B2A3C92420084A8CA /* CreditCardsPayoff */,
				E2EF631A2A3C92420084A8CA /* Products */,
				B8928681C62BD1D5DD6DAED9 /* Pods */,
				CF0387DAFB1BDB8C2BD05BEB /* Frameworks */,
			);
			sourceTree = "<group>";
		};
		E2EF631A2A3C92420084A8CA /* Products */ = {
			isa = PBXGroup;
			children = (
				E2EF63192A3C92420084A8CA /* CreditCardsPayoff.app */,
			);
			name = Products;
			sourceTree = "<group>";
		};
		E2EF631B2A3C92420084A8CA /* CreditCardsPayoff */ = {
			isa = PBXGroup;
			children = (
				E2EF63382A3D0AC90084A8CA /* Utilities */,
				E2EF63322A3D05590084A8CA /* Controller */,
				E2EF63312A3D054F0084A8CA /* View */,
				E2EF63302A3D05410084A8CA /* Model */,
				E24F8B622A4E3168006CB187 /* ViewModel */,
				E2EF631C2A3C92420084A8CA /* AppDelegate.swift */,
				E2EF631E2A3C92420084A8CA /* SceneDelegate.swift */,
				E2EF63222A3C92420084A8CA /* Main.storyboard */,
				E2EF63252A3C92440084A8CA /* Assets.xcassets */,
				E2EF63272A3C92440084A8CA /* LaunchScreen.storyboard */,
				E2EF632A2A3C92440084A8CA /* Info.plist */,
				E26352522A45B2FC00587953 /* GoogleService-Info.plist */,
				E25A134F2A62A5910039DAE6 /* CoreDataModel.xcdatamodeld */,
			);
			path = CreditCardsPayoff;
			sourceTree = "<group>";
		};
		E2EF63302A3D05410084A8CA /* Model */ = {
			isa = PBXGroup;
			children = (
				E23F118E2A48E6000072A78A /* User.swift */,
				E2A7D2DC2A5EF29F00029BF4 /* Currency.swift */,
				E25A13522A62A8E80039DAE6 /* Card.swift */,
			);
			path = Model;
			sourceTree = "<group>";
		};
		E2EF63312A3D054F0084A8CA /* View */ = {
			isa = PBXGroup;
			children = (
			);
			path = View;
			sourceTree = "<group>";
		};
		E2EF63322A3D05590084A8CA /* Controller */ = {
			isa = PBXGroup;
			children = (
				E23ECC432A7A81E0003BC1BB /* TermsVC */,
				E200FB5C2A72A1A6003C34A8 /* AlertTransVC */,
				E24F8B632A4E368A006CB187 /* AlertVC */,
				E2D9CE112A6C6DC400D2E44E /* AlertAskVC */,
				E2AE59582A657CE0002F8637 /* BaseVC */,
				E23114992A647A340053F949 /* EditCardVC */,
				E25A13592A62D9B80039DAE6 /* AddCardVC */,
				E2EF63432A3D10510084A8CA /* OnboardingVC */,
				E2EF63332A3D07430084A8CA /* LoginVC */,
				E273E2422A487E8A00722832 /* SignupVC */,
				E20F7A5F2A5BE9B20057D451 /* ChangeEmailVC */,
				E20F7A5D2A5BE9B20057D451 /* ChangePasswordVC */,
				E23D1A692A5AB9D100049489 /* ChangeNameVC */,
				E28F3ACF2A45CDBB00233A74 /* HomeVC */,
				E2432FA12A5DED0E00560DEC /* CurrencyVC */,
				E28F3AD22A45CF1800233A74 /* SettingsVC */,
			);
			path = Controller;
			sourceTree = "<group>";
		};
		E2EF63332A3D07430084A8CA /* LoginVC */ = {
			isa = PBXGroup;
			children = (
				E2EF63342A3D077A0084A8CA /* LoginVC.swift */,
				E2EF63352A3D077A0084A8CA /* LoginVC.xib */,
			);
			path = LoginVC;
			sourceTree = "<group>";
		};
		E2EF63382A3D0AC90084A8CA /* Utilities */ = {
			isa = PBXGroup;
			children = (
				E2931C8D2A4A15320028BE46 /* SpinnerExt.swift */,
				E2931C8E2A4A15330028BE46 /* ValidationExt.swift */,
				E2EF63392A3D0AC90084A8CA /* UIImageView+Extension.swift */,
				E2EF633A2A3D0AC90084A8CA /* UIView+Extension.swift */,
				E2EF633B2A3D0AC90084A8CA /* NavController.swift */,
				E2EF633C2A3D0AC90084A8CA /* AppColor.swift */,
				E2EF633D2A3D0AC90084A8CA /* UITextField+Extension.swift */,
				E2931C912A4A19D30028BE46 /* UserDefaultsExt.swift */,
				E24F8B5E2A4DEC53006CB187 /* CodableExt.swift */,
				E24F8B662A4E3A55006CB187 /* ShowAlertExt.swift */,
				E2AE59552A657B91002F8637 /* FloatingTabbar.swift */,
				E272415E2A8378D200F1BFFC /* Helper.swift */,
			);
			path = Utilities;
			sourceTree = "<group>";
		};
		E2EF63432A3D10510084A8CA /* OnboardingVC */ = {
			isa = PBXGroup;
			children = (
				E2EF63452A3D106E0084A8CA /* OnboardingCell.swift */,
				E2EF63492A3D106F0084A8CA /* OnboardingCell.xib */,
				E2EF63442A3D106E0084A8CA /* OnboardingVC.swift */,
			);
			path = OnboardingVC;
			sourceTree = "<group>";
		};
/* End PBXGroup section */

/* Begin PBXNativeTarget section */
		E2EF63182A3C92420084A8CA /* CreditCardsPayoff */ = {
			isa = PBXNativeTarget;
			buildConfigurationList = E2EF632D2A3C92440084A8CA /* Build configuration list for PBXNativeTarget "CreditCardsPayoff" */;
			buildPhases = (
				FC55DF1336BCB5CEBC861D0B /* [CP] Check Pods Manifest.lock */,
				E2EF63152A3C92420084A8CA /* Sources */,
				E2EF63162A3C92420084A8CA /* Frameworks */,
				E2EF63172A3C92420084A8CA /* Resources */,
				D5E543EA4D6D4EC7CAFDAF27 /* [CP] Embed Pods Frameworks */,
			);
			buildRules = (
			);
			dependencies = (
			);
			name = CreditCardsPayoff;
			productName = CreditCardsPayoff;
			productReference = E2EF63192A3C92420084A8CA /* CreditCardsPayoff.app */;
			productType = "com.apple.product-type.application";
		};
/* End PBXNativeTarget section */

/* Begin PBXProject section */
		E2EF63112A3C92420084A8CA /* Project object */ = {
			isa = PBXProject;
			attributes = {
				BuildIndependentTargetsInParallel = 1;
				LastSwiftUpdateCheck = 1430;
				LastUpgradeCheck = 1430;
				TargetAttributes = {
					E2EF63182A3C92420084A8CA = {
						CreatedOnToolsVersion = 14.3;
					};
				};
			};
			buildConfigurationList = E2EF63142A3C92420084A8CA /* Build configuration list for PBXProject "CreditCardsPayoff" */;
			compatibilityVersion = "Xcode 13.0";
			developmentRegion = en;
			hasScannedForEncodings = 0;
			knownRegions = (
				en,
				Base,
				ar,
			);
			mainGroup = E2EF63102A3C92420084A8CA;
			productRefGroup = E2EF631A2A3C92420084A8CA /* Products */;
			projectDirPath = "";
			projectRoot = "";
			targets = (
				E2EF63182A3C92420084A8CA /* CreditCardsPayoff */,
			);
		};
/* End PBXProject section */

/* Begin PBXResourcesBuildPhase section */
		E2EF63172A3C92420084A8CA /* Resources */ = {
			isa = PBXResourcesBuildPhase;
			buildActionMask = 2147483647;
			files = (
				E2D279382A59F783003C6CDA /* ProfileHeaderCell.xib in Resources */,
				E2D2794C2A59F783003C6CDA /* AppSettingsCell.xib in Resources */,
				E2345B4C2A7D8C10009339A8 /* TermsAndConditions.html in Resources */,
				E2D279472A59F783003C6CDA /* AccountSettingsCell.strings in Resources */,
				E2D279392A59F783003C6CDA /* TermsConditionsCell.strings in Resources */,
				E2AE59512A65410A002F8637 /* LogoutCell.xib in Resources */,
				E26352532A45B2FC00587953 /* GoogleService-Info.plist in Resources */,
				E2D2794A2A59F783003C6CDA /* TermsConditionsCell.xib in Resources */,
				E2EF63372A3D077A0084A8CA /* LoginVC.xib in Resources */,
				E25A13582A62B21F0039DAE6 /* CardCell.xib in Resources */,
				E2D2793F2A59F783003C6CDA /* AppSettingsCell.strings in Resources */,
				E273E2462A487EBA00722832 /* SignupVC.xib in Resources */,
				E2D279422A59F783003C6CDA /* AccountSettingsCell.xib in Resources */,
				E2EF63292A3C92440084A8CA /* LaunchScreen.storyboard in Resources */,
				E2D279432A59F783003C6CDA /* ProfileHeaderCell.strings in Resources */,
				E2EF63262A3C92440084A8CA /* Assets.xcassets in Resources */,
				E2EF63242A3C92420084A8CA /* Main.storyboard in Resources */,
				E2EF634E2A3D106F0084A8CA /* OnboardingCell.xib in Resources */,
			);
			runOnlyForDeploymentPostprocessing = 0;
		};
/* End PBXResourcesBuildPhase section */

/* Begin PBXShellScriptBuildPhase section */
		D5E543EA4D6D4EC7CAFDAF27 /* [CP] Embed Pods Frameworks */ = {
			isa = PBXShellScriptBuildPhase;
			buildActionMask = 2147483647;
			files = (
			);
			inputFileListPaths = (
				"${PODS_ROOT}/Target Support Files/Pods-CreditCardsPayoff/Pods-CreditCardsPayoff-frameworks-${CONFIGURATION}-input-files.xcfilelist",
			);
			name = "[CP] Embed Pods Frameworks";
			outputFileListPaths = (
				"${PODS_ROOT}/Target Support Files/Pods-CreditCardsPayoff/Pods-CreditCardsPayoff-frameworks-${CONFIGURATION}-output-files.xcfilelist",
			);
			runOnlyForDeploymentPostprocessing = 0;
			shellPath = /bin/sh;
			shellScript = "\"${PODS_ROOT}/Target Support Files/Pods-CreditCardsPayoff/Pods-CreditCardsPayoff-frameworks.sh\"\n";
			showEnvVarsInLog = 0;
		};
		FC55DF1336BCB5CEBC861D0B /* [CP] Check Pods Manifest.lock */ = {
			isa = PBXShellScriptBuildPhase;
			buildActionMask = 2147483647;
			files = (
			);
			inputFileListPaths = (
			);
			inputPaths = (
				"${PODS_PODFILE_DIR_PATH}/Podfile.lock",
				"${PODS_ROOT}/Manifest.lock",
			);
			name = "[CP] Check Pods Manifest.lock";
			outputFileListPaths = (
			);
			outputPaths = (
				"$(DERIVED_FILE_DIR)/Pods-CreditCardsPayoff-checkManifestLockResult.txt",
			);
			runOnlyForDeploymentPostprocessing = 0;
			shellPath = /bin/sh;
			shellScript = "diff \"${PODS_PODFILE_DIR_PATH}/Podfile.lock\" \"${PODS_ROOT}/Manifest.lock\" > /dev/null\nif [ $? != 0 ] ; then\n    # print error to STDERR\n    echo \"error: The sandbox is not in sync with the Podfile.lock. Run 'pod install' or update your CocoaPods installation.\" >&2\n    exit 1\nfi\n# This output is used by Xcode 'outputs' to avoid re-running this script phase.\necho \"SUCCESS\" > \"${SCRIPT_OUTPUT_FILE_0}\"\n";
			showEnvVarsInLog = 0;
		};
/* End PBXShellScriptBuildPhase section */

/* Begin PBXSourcesBuildPhase section */
		E2EF63152A3C92420084A8CA /* Sources */ = {
			isa = PBXSourcesBuildPhase;
			buildActionMask = 2147483647;
			files = (
				E273E2452A487EBA00722832 /* SignupVC.swift in Sources */,
				E28F3AD42A45CF5E00233A74 /* SettingsVC.swift in Sources */,
				E25A13532A62A8E80039DAE6 /* Card.swift in Sources */,
				E2AE59572A657B91002F8637 /* FloatingTabbar.swift in Sources */,
				E24F8B612A4E3162006CB187 /* UserVM.swift in Sources */,
				E2D9CE132A6C6DE800D2E44E /* AlertAskVC.swift in Sources */,
				E200FB5E2A72A1D0003C34A8 /* AlertTransVC.swift in Sources */,
				E2EF63422A3D0AC90084A8CA /* UITextField+Extension.swift in Sources */,
				E24F8B652A4E36A0006CB187 /* AlertVC.swift in Sources */,
				E2D2794B2A59F783003C6CDA /* ProfileHeaderCell.swift in Sources */,
				E2AE59502A65410A002F8637 /* LogoutCell.swift in Sources */,
				E2EF633F2A3D0AC90084A8CA /* UIView+Extension.swift in Sources */,
				E2AE59562A657B91002F8637 /* BaseVC.swift in Sources */,
				E2D2793C2A59F783003C6CDA /* AppSettingsCell.swift in Sources */,
				E25A13512A62A5910039DAE6 /* CoreDataModel.xcdatamodeld in Sources */,
				E24F8B5F2A4DEC53006CB187 /* CodableExt.swift in Sources */,
				E20F7A622A5BE9B20057D451 /* ChangeEmailVC.swift in Sources */,
				E21586202A617859005632FC /* AuthenticationVM.swift in Sources */,
				E2931C922A4A19D30028BE46 /* UserDefaultsExt.swift in Sources */,
				E2432FA32A5DED3C00560DEC /* CurrencyVC.swift in Sources */,
				E2EF63412A3D0AC90084A8CA /* AppColor.swift in Sources */,
				E2EF63402A3D0AC90084A8CA /* NavController.swift in Sources */,
				E23D1A6B2A5AB9D100049489 /* ChangeNameVC.swift in Sources */,
				E23F118F2A48E6000072A78A /* User.swift in Sources */,
				E2EF633E2A3D0AC90084A8CA /* UIImageView+Extension.swift in Sources */,
				E2931C8F2A4A15330028BE46 /* SpinnerExt.swift in Sources */,
				E2A7D2D92A5ED56300029BF4 /* CurrencyList.swift in Sources */,
				E2EF63362A3D077A0084A8CA /* LoginVC.swift in Sources */,
				E23ECC452A7A8202003BC1BB /* TermsVC.swift in Sources */,
				E2A7D2DD2A5EF29F00029BF4 /* Currency.swift in Sources */,
				E20F7A612A5BE9B20057D451 /* ChangePasswordVC.swift in Sources */,
				E2931C902A4A15330028BE46 /* ValidationExt.swift in Sources */,
				E272415F2A8378D200F1BFFC /* Helper.swift in Sources */,
				E2D2793D2A59F783003C6CDA /* TermsConditionsCell.swift in Sources */,
				E2EF634A2A3D106F0084A8CA /* OnboardingVC.swift in Sources */,
				E2EF631D2A3C92420084A8CA /* AppDelegate.swift in Sources */,
				E25A135F2A6328830039DAE6 /* AddCardVC.swift in Sources */,
				E24F8B672A4E3A55006CB187 /* ShowAlertExt.swift in Sources */,
				E2A7D2DB2A5EF28A00029BF4 /* CurrencyVM.swift in Sources */,
				E231149B2A647A4B0053F949 /* EditCardVC.swift in Sources */,
				E28F3AD12A45CDEB00233A74 /* HomeVC.swift in Sources */,
				E2EF634B2A3D106F0084A8CA /* OnboardingCell.swift in Sources */,
				E2D279462A59F783003C6CDA /* AccountSettingsCell.swift in Sources */,
				E2EF631F2A3C92420084A8CA /* SceneDelegate.swift in Sources */,
				E25A13572A62B21F0039DAE6 /* CardCell.swift in Sources */,
			);
			runOnlyForDeploymentPostprocessing = 0;
		};
/* End PBXSourcesBuildPhase section */

/* Begin PBXVariantGroup section */
		E2D279152A59F782003C6CDA /* TermsConditionsCell.strings */ = {
			isa = PBXVariantGroup;
			children = (
				E2D279162A59F782003C6CDA /* ar */,
				E2D279172A59F782003C6CDA /* en */,
			);
			name = TermsConditionsCell.strings;
			sourceTree = "<group>";
		};
		E2D2791F2A59F783003C6CDA /* AppSettingsCell.strings */ = {
			isa = PBXVariantGroup;
			children = (
				E2D279202A59F783003C6CDA /* ar */,
				E2D279212A59F783003C6CDA /* en */,
			);
			name = AppSettingsCell.strings;
			sourceTree = "<group>";
		};
		E2D279272A59F783003C6CDA /* ProfileHeaderCell.strings */ = {
			isa = PBXVariantGroup;
			children = (
				E2D279282A59F783003C6CDA /* ar */,
				E2D2792A2A59F783003C6CDA /* en */,
			);
			name = ProfileHeaderCell.strings;
			sourceTree = "<group>";
		};
		E2D2792F2A59F783003C6CDA /* AccountSettingsCell.strings */ = {
			isa = PBXVariantGroup;
			children = (
				E2D279302A59F783003C6CDA /* ar */,
				E2D279312A59F783003C6CDA /* en */,
			);
			name = AccountSettingsCell.strings;
			sourceTree = "<group>";
		};
		E2EF63222A3C92420084A8CA /* Main.storyboard */ = {
			isa = PBXVariantGroup;
			children = (
				E2EF63232A3C92420084A8CA /* Base */,
			);
			name = Main.storyboard;
			sourceTree = "<group>";
		};
		E2EF63272A3C92440084A8CA /* LaunchScreen.storyboard */ = {
			isa = PBXVariantGroup;
			children = (
				E2EF63282A3C92440084A8CA /* Base */,
			);
			name = LaunchScreen.storyboard;
			sourceTree = "<group>";
		};
/* End PBXVariantGroup section */

/* Begin XCBuildConfiguration section */
		E2EF632B2A3C92440084A8CA /* Debug */ = {
			isa = XCBuildConfiguration;
			buildSettings = {
				ALWAYS_SEARCH_USER_PATHS = NO;
				CLANG_ANALYZER_NONNULL = YES;
				CLANG_ANALYZER_NUMBER_OBJECT_CONVERSION = YES_AGGRESSIVE;
				CLANG_CXX_LANGUAGE_STANDARD = "gnu++20";
				CLANG_ENABLE_MODULES = YES;
				CLANG_ENABLE_OBJC_ARC = YES;
				CLANG_ENABLE_OBJC_WEAK = YES;
				CLANG_WARN_BLOCK_CAPTURE_AUTORELEASING = YES;
				CLANG_WARN_BOOL_CONVERSION = YES;
				CLANG_WARN_COMMA = YES;
				CLANG_WARN_CONSTANT_CONVERSION = YES;
				CLANG_WARN_DEPRECATED_OBJC_IMPLEMENTATIONS = YES;
				CLANG_WARN_DIRECT_OBJC_ISA_USAGE = YES_ERROR;
				CLANG_WARN_DOCUMENTATION_COMMENTS = YES;
				CLANG_WARN_EMPTY_BODY = YES;
				CLANG_WARN_ENUM_CONVERSION = YES;
				CLANG_WARN_INFINITE_RECURSION = YES;
				CLANG_WARN_INT_CONVERSION = YES;
				CLANG_WARN_NON_LITERAL_NULL_CONVERSION = YES;
				CLANG_WARN_OBJC_IMPLICIT_RETAIN_SELF = YES;
				CLANG_WARN_OBJC_LITERAL_CONVERSION = YES;
				CLANG_WARN_OBJC_ROOT_CLASS = YES_ERROR;
				CLANG_WARN_QUOTED_INCLUDE_IN_FRAMEWORK_HEADER = YES;
				CLANG_WARN_RANGE_LOOP_ANALYSIS = YES;
				CLANG_WARN_STRICT_PROTOTYPES = YES;
				CLANG_WARN_SUSPICIOUS_MOVE = YES;
				CLANG_WARN_UNGUARDED_AVAILABILITY = YES_AGGRESSIVE;
				CLANG_WARN_UNREACHABLE_CODE = YES;
				CLANG_WARN__DUPLICATE_METHOD_MATCH = YES;
				COPY_PHASE_STRIP = NO;
				DEBUG_INFORMATION_FORMAT = dwarf;
				ENABLE_STRICT_OBJC_MSGSEND = YES;
				ENABLE_TESTABILITY = YES;
				GCC_C_LANGUAGE_STANDARD = gnu11;
				GCC_DYNAMIC_NO_PIC = NO;
				GCC_NO_COMMON_BLOCKS = YES;
				GCC_OPTIMIZATION_LEVEL = 0;
				GCC_PREPROCESSOR_DEFINITIONS = (
					"DEBUG=1",
					"$(inherited)",
				);
				GCC_WARN_64_TO_32_BIT_CONVERSION = YES;
				GCC_WARN_ABOUT_RETURN_TYPE = YES_ERROR;
				GCC_WARN_UNDECLARED_SELECTOR = YES;
				GCC_WARN_UNINITIALIZED_AUTOS = YES_AGGRESSIVE;
				GCC_WARN_UNUSED_FUNCTION = YES;
				GCC_WARN_UNUSED_VARIABLE = YES;
				IPHONEOS_DEPLOYMENT_TARGET = 16.4;
				MTL_ENABLE_DEBUG_INFO = INCLUDE_SOURCE;
				MTL_FAST_MATH = YES;
				ONLY_ACTIVE_ARCH = YES;
				SDKROOT = iphoneos;
				SWIFT_ACTIVE_COMPILATION_CONDITIONS = DEBUG;
				SWIFT_OPTIMIZATION_LEVEL = "-Onone";
			};
			name = Debug;
		};
		E2EF632C2A3C92440084A8CA /* Release */ = {
			isa = XCBuildConfiguration;
			buildSettings = {
				ALWAYS_SEARCH_USER_PATHS = NO;
				CLANG_ANALYZER_NONNULL = YES;
				CLANG_ANALYZER_NUMBER_OBJECT_CONVERSION = YES_AGGRESSIVE;
				CLANG_CXX_LANGUAGE_STANDARD = "gnu++20";
				CLANG_ENABLE_MODULES = YES;
				CLANG_ENABLE_OBJC_ARC = YES;
				CLANG_ENABLE_OBJC_WEAK = YES;
				CLANG_WARN_BLOCK_CAPTURE_AUTORELEASING = YES;
				CLANG_WARN_BOOL_CONVERSION = YES;
				CLANG_WARN_COMMA = YES;
				CLANG_WARN_CONSTANT_CONVERSION = YES;
				CLANG_WARN_DEPRECATED_OBJC_IMPLEMENTATIONS = YES;
				CLANG_WARN_DIRECT_OBJC_ISA_USAGE = YES_ERROR;
				CLANG_WARN_DOCUMENTATION_COMMENTS = YES;
				CLANG_WARN_EMPTY_BODY = YES;
				CLANG_WARN_ENUM_CONVERSION = YES;
				CLANG_WARN_INFINITE_RECURSION = YES;
				CLANG_WARN_INT_CONVERSION = YES;
				CLANG_WARN_NON_LITERAL_NULL_CONVERSION = YES;
				CLANG_WARN_OBJC_IMPLICIT_RETAIN_SELF = YES;
				CLANG_WARN_OBJC_LITERAL_CONVERSION = YES;
				CLANG_WARN_OBJC_ROOT_CLASS = YES_ERROR;
				CLANG_WARN_QUOTED_INCLUDE_IN_FRAMEWORK_HEADER = YES;
				CLANG_WARN_RANGE_LOOP_ANALYSIS = YES;
				CLANG_WARN_STRICT_PROTOTYPES = YES;
				CLANG_WARN_SUSPICIOUS_MOVE = YES;
				CLANG_WARN_UNGUARDED_AVAILABILITY = YES_AGGRESSIVE;
				CLANG_WARN_UNREACHABLE_CODE = YES;
				CLANG_WARN__DUPLICATE_METHOD_MATCH = YES;
				COPY_PHASE_STRIP = NO;
				DEBUG_INFORMATION_FORMAT = "dwarf-with-dsym";
				ENABLE_NS_ASSERTIONS = NO;
				ENABLE_STRICT_OBJC_MSGSEND = YES;
				GCC_C_LANGUAGE_STANDARD = gnu11;
				GCC_NO_COMMON_BLOCKS = YES;
				GCC_WARN_64_TO_32_BIT_CONVERSION = YES;
				GCC_WARN_ABOUT_RETURN_TYPE = YES_ERROR;
				GCC_WARN_UNDECLARED_SELECTOR = YES;
				GCC_WARN_UNINITIALIZED_AUTOS = YES_AGGRESSIVE;
				GCC_WARN_UNUSED_FUNCTION = YES;
				GCC_WARN_UNUSED_VARIABLE = YES;
				IPHONEOS_DEPLOYMENT_TARGET = 16.4;
				MTL_ENABLE_DEBUG_INFO = NO;
				MTL_FAST_MATH = YES;
				SDKROOT = iphoneos;
				SWIFT_COMPILATION_MODE = wholemodule;
				SWIFT_OPTIMIZATION_LEVEL = "-O";
				VALIDATE_PRODUCT = YES;
			};
			name = Release;
		};
		E2EF632E2A3C92440084A8CA /* Debug */ = {
			isa = XCBuildConfiguration;
			baseConfigurationReference = 7373CA4087E2E7BB78DA3E51 /* Pods-CreditCardsPayoff.debug.xcconfig */;
			buildSettings = {
				ASSETCATALOG_COMPILER_APPICON_NAME = AppIcon;
				ASSETCATALOG_COMPILER_GLOBAL_ACCENT_COLOR_NAME = AccentColor;
				CODE_SIGN_STYLE = Automatic;
				CURRENT_PROJECT_VERSION = 1;
				DEVELOPMENT_TEAM = YM449873AG;
				GENERATE_INFOPLIST_FILE = YES;
				INFOPLIST_FILE = CreditCardsPayoff/Info.plist;
				INFOPLIST_KEY_UIApplicationSupportsIndirectInputEvents = YES;
				INFOPLIST_KEY_UILaunchStoryboardName = LaunchScreen;
				INFOPLIST_KEY_UIMainStoryboardFile = Main;
				INFOPLIST_KEY_UISupportedInterfaceOrientations_iPad = "UIInterfaceOrientationPortrait UIInterfaceOrientationPortraitUpsideDown UIInterfaceOrientationLandscapeLeft UIInterfaceOrientationLandscapeRight";
				INFOPLIST_KEY_UISupportedInterfaceOrientations_iPhone = "UIInterfaceOrientationPortrait UIInterfaceOrientationLandscapeLeft UIInterfaceOrientationLandscapeRight";
				LD_RUNPATH_SEARCH_PATHS = (
					"$(inherited)",
					"@executable_path/Frameworks",
				);
				MARKETING_VERSION = 1.0;
				PRODUCT_BUNDLE_IDENTIFIER = com.AMS.CreditCardsPayoff;
				PRODUCT_NAME = "$(TARGET_NAME)";
				SWIFT_EMIT_LOC_STRINGS = YES;
				SWIFT_VERSION = 5.0;
				TARGETED_DEVICE_FAMILY = "1,2";
			};
			name = Debug;
		};
		E2EF632F2A3C92440084A8CA /* Release */ = {
			isa = XCBuildConfiguration;
			baseConfigurationReference = DCA39B46B15CDF13EE745007 /* Pods-CreditCardsPayoff.release.xcconfig */;
			buildSettings = {
				ASSETCATALOG_COMPILER_APPICON_NAME = AppIcon;
				ASSETCATALOG_COMPILER_GLOBAL_ACCENT_COLOR_NAME = AccentColor;
				CODE_SIGN_STYLE = Automatic;
				CURRENT_PROJECT_VERSION = 1;
				DEVELOPMENT_TEAM = YM449873AG;
				GENERATE_INFOPLIST_FILE = YES;
				INFOPLIST_FILE = CreditCardsPayoff/Info.plist;
				INFOPLIST_KEY_UIApplicationSupportsIndirectInputEvents = YES;
				INFOPLIST_KEY_UILaunchStoryboardName = LaunchScreen;
				INFOPLIST_KEY_UIMainStoryboardFile = Main;
				INFOPLIST_KEY_UISupportedInterfaceOrientations_iPad = "UIInterfaceOrientationPortrait UIInterfaceOrientationPortraitUpsideDown UIInterfaceOrientationLandscapeLeft UIInterfaceOrientationLandscapeRight";
				INFOPLIST_KEY_UISupportedInterfaceOrientations_iPhone = "UIInterfaceOrientationPortrait UIInterfaceOrientationLandscapeLeft UIInterfaceOrientationLandscapeRight";
				LD_RUNPATH_SEARCH_PATHS = (
					"$(inherited)",
					"@executable_path/Frameworks",
				);
				MARKETING_VERSION = 1.0;
				PRODUCT_BUNDLE_IDENTIFIER = com.AMS.CreditCardsPayoff;
				PRODUCT_NAME = "$(TARGET_NAME)";
				SWIFT_EMIT_LOC_STRINGS = YES;
				SWIFT_VERSION = 5.0;
				TARGETED_DEVICE_FAMILY = "1,2";
			};
			name = Release;
		};
/* End XCBuildConfiguration section */

/* Begin XCConfigurationList section */
		E2EF63142A3C92420084A8CA /* Build configuration list for PBXProject "CreditCardsPayoff" */ = {
			isa = XCConfigurationList;
			buildConfigurations = (
				E2EF632B2A3C92440084A8CA /* Debug */,
				E2EF632C2A3C92440084A8CA /* Release */,
			);
			defaultConfigurationIsVisible = 0;
			defaultConfigurationName = Release;
		};
		E2EF632D2A3C92440084A8CA /* Build configuration list for PBXNativeTarget "CreditCardsPayoff" */ = {
			isa = XCConfigurationList;
			buildConfigurations = (
				E2EF632E2A3C92440084A8CA /* Debug */,
				E2EF632F2A3C92440084A8CA /* Release */,
			);
			defaultConfigurationIsVisible = 0;
			defaultConfigurationName = Release;
		};
/* End XCConfigurationList section */

/* Begin XCVersionGroup section */
		E25A134F2A62A5910039DAE6 /* CoreDataModel.xcdatamodeld */ = {
			isa = XCVersionGroup;
			children = (
				E25A13502A62A5910039DAE6 /* CoreDataModel.xcdatamodel */,
			);
			currentVersion = E25A13502A62A5910039DAE6 /* CoreDataModel.xcdatamodel */;
			path = CoreDataModel.xcdatamodeld;
			sourceTree = "<group>";
			versionGroupType = wrapper.xcdatamodel;
		};
/* End XCVersionGroup section */
	};
	rootObject = E2EF63112A3C92420084A8CA /* Project object */;
}
